
Microsoft Visual Studio Solution File, Format Version 12.00
# Visual Studio 14
VisualStudioVersion = 14.0.25420.1
MinimumVisualStudioVersion = 10.0.40219.1
Project("{8BC9CEB8-8B4A-11D0-8D11-00A0C91BC942}") = "midifile", "midifile.vcxproj", "{C5AE7F76-C2CD-415F-BB48-BAC67A655AC0}"
EndProject
Project("{8BC9CEB8-8B4A-11D0-8D11-00A0C91BC942}") = "testproject", "..\testproject\testproject.vcxproj", "{21D0F7B5-A7E0-448D-9AB7-37C8F9300F90}"
	ProjectSection(ProjectDependencies) = postProject
		{C5AE7F76-C2CD-415F-BB48-BAC67A655AC0} = {C5AE7F76-C2CD-415F-BB48-BAC67A655AC0}
	EndProjectSection
EndProject
Global
	GlobalSection(SolutionConfigurationPlatforms) = preSolution
		Debug|x64 = Debug|x64
		Debug|x86 = Debug|x86
		Release|x64 = Release|x64
		Release|x86 = Release|x86
	EndGlobalSection
	GlobalSection(ProjectConfigurationPlatforms) = postSolution
		{C5AE7F76-C2CD-415F-BB48-BAC67A655AC0}.Debug|x64.ActiveCfg = Debug|Win32
		{C5AE7F76-C2CD-415F-BB48-BAC67A655AC0}.Debug|x86.ActiveCfg = Debug|Win32
		{C5AE7F76-C2CD-415F-BB48-BAC67A655AC0}.Debug|x86.Build.0 = Debug|Win32
		{C5AE7F76-C2CD-415F-BB48-BAC67A655AC0}.Release|x64.ActiveCfg = Release|Win32
		{C5AE7F76-C2CD-415F-BB48-BAC67A655AC0}.Release|x86.ActiveCfg = Release|Win32
		{C5AE7F76-C2CD-415F-BB48-BAC67A655AC0}.Release|x86.Build.0 = Release|Win32
		{21D0F7B5-A7E0-448D-9AB7-37C8F9300F90}.Debug|x64.ActiveCfg = Debug|x64
		{21D0F7B5-A7E0-448D-9AB7-37C8F9300F90}.Debug|x64.Build.0 = Debug|x64
		{21D0F7B5-A7E0-448D-9AB7-37C8F9300F90}.Debug|x86.ActiveCfg = Debug|Win32
		{21D0F7B5-A7E0-448D-9AB7-37C8F9300F90}.Debug|x86.Build.0 = Debug|Win32
		{21D0F7B5-A7E0-448D-9AB7-37C8F9300F90}.Release|x64.ActiveCfg = Release|x64
		{21D0F7B5-A7E0-448D-9AB7-37C8F9300F90}.Release|x64.Build.0 = Release|x64
		{21D0F7B5-A7E0-448D-9AB7-37C8F9300F90}.Release|x86.ActiveCfg = Release|Win32
		{21D0F7B5-A7E0-448D-9AB7-37C8F9300F90}.Release|x86.Build.0 = Release|Win32
	EndGlobalSection
	GlobalSection(SolutionProperties) = preSolution
		HideSolutionNode = FALSE
	EndGlobalSection
EndGlobal
